
Microsoft Visual Studio Solution File, Format Version 12.00
# Visual Studio Version 16
VisualStudioVersion = 16.0.33423.256
MinimumVisualStudioVersion = 10.0.40219.1
Project("{FAE04EC0-301F-11D3-BF4B-00C04F79EFBC}") = "ParaPensarEj9", "ParaPensarEj9.csproj", "{0AF365F8-D043-4C6E-B0F6-CD8E20FD3571}"
EndProject
Global
	GlobalSection(SolutionConfigurationPlatforms) = preSolution
		Debug|Any CPU = Debug|Any CPU
		Release|Any CPU = Release|Any CPU
	EndGlobalSection
	GlobalSection(ProjectConfigurationPlatforms) = postSolution
		{0AF365F8-D043-4C6E-B0F6-CD8E20FD3571}.Debug|Any CPU.ActiveCfg = Debug|Any CPU
		{0AF365F8-D043-4C6E-B0F6-CD8E20FD3571}.Debug|Any CPU.Build.0 = Debug|Any CPU
		{0AF365F8-D043-4C6E-B0F6-CD8E20FD3571}.Release|Any CPU.ActiveCfg = Release|Any CPU
		{0AF365F8-D043-4C6E-B0F6-CD8E20FD3571}.Release|Any CPU.Build.0 = Release|Any CPU
	EndGlobalSection
	GlobalSection(SolutionProperties) = preSolution
		HideSolutionNode = FALSE
	EndGlobalSection
	GlobalSection(ExtensibilityGlobals) = postSolution
		SolutionGuid = {6330DA94-21DF-435F-84F4-6F8C6743945C}
	EndGlobalSection
EndGlobal
